// !$*UTF8*$!
{
	archiveVersion = 1;
	classes = {
	};
	objectVersion = 56;
	objects = {

/* Begin PBXBuildFile section */
		F4C675852DC04DAA005B00F3 /* AppDelegate.swift in Sources */ = {isa = PBXBuildFile; fileRef = F4C675842DC04DAA005B00F3 /* AppDelegate.swift */; };
		F4C675872DC04DAA005B00F3 /* SceneDelegate.swift in Sources */ = {isa = PBXBuildFile; fileRef = F4C675862DC04DAA005B00F3 /* SceneDelegate.swift */; };
		F4C675892DC04DAA005B00F3 /* ViewController.swift in Sources */ = {isa = PBXBuildFile; fileRef = F4C675882DC04DAA005B00F3 /* ViewController.swift */; };
		F4C6758C2DC04DAA005B00F3 /* Main.storyboard in Resources */ = {isa = PBXBuildFile; fileRef = F4C6758A2DC04DAA005B00F3 /* Main.storyboard */; };
		F4C6758E2DC04DAE005B00F3 /* Assets.xcassets in Resources */ = {isa = PBXBuildFile; fileRef = F4C6758D2DC04DAE005B00F3 /* Assets.xcassets */; };
		F4C675912DC04DAE005B00F3 /* LaunchScreen.storyboard in Resources */ = {isa = PBXBuildFile; fileRef = F4C6758F2DC04DAE005B00F3 /* LaunchScreen.storyboard */; };
		F4C6759C2DC04E53005B00F3 /* ReadyView.swift in Sources */ = {isa = PBXBuildFile; fileRef = F4C6759B2DC04E53005B00F3 /* ReadyView.swift */; };
		F4C6759E2DC04E77005B00F3 /* TestView.swift in Sources */ = {isa = PBXBuildFile; fileRef = F4C6759D2DC04E77005B00F3 /* TestView.swift */; };
		F4C675A12DC04EA6005B00F3 /* MarwanCell.swift in Sources */ = {isa = PBXBuildFile; fileRef = F4C675A02DC04EA6005B00F3 /* MarwanCell.swift */; };
		F4C675A32DC04EC2005B00F3 /* BrainManager.swift in Sources */ = {isa = PBXBuildFile; fileRef = F4C675A22DC04EC2005B00F3 /* BrainManager.swift */; };
		F4C675A52DC04ED2005B00F3 /* DetailsManager.swift in Sources */ = {isa = PBXBuildFile; fileRef = F4C675A42DC04ED2005B00F3 /* DetailsManager.swift */; };
/* End PBXBuildFile section */

/* Begin PBXFileReference section */
		F4C675812DC04DAA005B00F3 /* Code_Alpha_FlashCardQuiz.app */ = {isa = PBXFileReference; explicitFileType = wrapper.application; includeInIndex = 0; path = Code_Alpha_FlashCardQuiz.app; sourceTree = BUILT_PRODUCTS_DIR; };
		F4C675842DC04DAA005B00F3 /* AppDelegate.swift */ = {isa = PBXFileReference; lastKnownFileType = sourcecode.swift; path = AppDelegate.swift; sourceTree = "<group>"; };
		F4C675862DC04DAA005B00F3 /* SceneDelegate.swift */ = {isa = PBXFileReference; lastKnownFileType = sourcecode.swift; path = SceneDelegate.swift; sourceTree = "<group>"; };
		F4C675882DC04DAA005B00F3 /* ViewController.swift */ = {isa = PBXFileReference; lastKnownFileType = sourcecode.swift; path = ViewController.swift; sourceTree = "<group>"; };
		F4C6758B2DC04DAA005B00F3 /* Base */ = {isa = PBXFileReference; lastKnownFileType = file.storyboard; name = Base; path = Base.lproj/Main.storyboard; sourceTree = "<group>"; };
		F4C6758D2DC04DAE005B00F3 /* Assets.xcassets */ = {isa = PBXFileReference; lastKnownFileType = folder.assetcatalog; path = Assets.xcassets; sourceTree = "<group>"; };
		F4C675902DC04DAE005B00F3 /* Base */ = {isa = PBXFileReference; lastKnownFileType = file.storyboard; name = Base; path = Base.lproj/LaunchScreen.storyboard; sourceTree = "<group>"; };
		F4C675922DC04DAE005B00F3 /* Info.plist */ = {isa = PBXFileReference; lastKnownFileType = text.plist.xml; path = Info.plist; sourceTree = "<group>"; };
		F4C6759B2DC04E53005B00F3 /* ReadyView.swift */ = {isa = PBXFileReference; lastKnownFileType = sourcecode.swift; path = ReadyView.swift; sourceTree = "<group>"; };
		F4C6759D2DC04E77005B00F3 /* TestView.swift */ = {isa = PBXFileReference; lastKnownFileType = sourcecode.swift; path = TestView.swift; sourceTree = "<group>"; };
		F4C675A02DC04EA6005B00F3 /* MarwanCell.swift */ = {isa = PBXFileReference; lastKnownFileType = sourcecode.swift; path = MarwanCell.swift; sourceTree = "<group>"; };
		F4C675A22DC04EC2005B00F3 /* BrainManager.swift */ = {isa = PBXFileReference; lastKnownFileType = sourcecode.swift; path = BrainManager.swift; sourceTree = "<group>"; };
		F4C675A42DC04ED2005B00F3 /* DetailsManager.swift */ = {isa = PBXFileReference; lastKnownFileType = sourcecode.swift; path = DetailsManager.swift; sourceTree = "<group>"; };
/* End PBXFileReference section */

/* Begin PBXFrameworksBuildPhase section */
		F4C6757E2DC04DAA005B00F3 /* Frameworks */ = {
			isa = PBXFrameworksBuildPhase;
			buildActionMask = 2147483647;
			files = (
			);
			runOnlyForDeploymentPostprocessing = 0;
		};
/* End PBXFrameworksBuildPhase section */

/* Begin PBXGroup section */
		F4C675782DC04DAA005B00F3 = {
			isa = PBXGroup;
			children = (
				F4C675832DC04DAA005B00F3 /* Code_Alpha_FlashCardQuiz */,
				F4C675822DC04DAA005B00F3 /* Products */,
			);
			sourceTree = "<group>";
		};
		F4C675822DC04DAA005B00F3 /* Products */ = {
			isa = PBXGroup;
			children = (
				F4C675812DC04DAA005B00F3 /* Code_Alpha_FlashCardQuiz.app */,
			);
			name = Products;
			sourceTree = "<group>";
		};
		F4C675832DC04DAA005B00F3 /* Code_Alpha_FlashCardQuiz */ = {
			isa = PBXGroup;
			children = (
				F4C675842DC04DAA005B00F3 /* AppDelegate.swift */,
				F4C675862DC04DAA005B00F3 /* SceneDelegate.swift */,
				F4C6759A2DC04E3C005B00F3 /* Model */,
				F4C675992DC04E33005B00F3 /* View */,
				F4C675982DC04E29005B00F3 /* Controller */,
				F4C6758D2DC04DAE005B00F3 /* Assets.xcassets */,
				F4C6758F2DC04DAE005B00F3 /* LaunchScreen.storyboard */,
				F4C675922DC04DAE005B00F3 /* Info.plist */,
			);
			path = Code_Alpha_FlashCardQuiz;
			sourceTree = "<group>";
		};
		F4C675982DC04E29005B00F3 /* Controller */ = {
			isa = PBXGroup;
			children = (
				F4C675882DC04DAA005B00F3 /* ViewController.swift */,
				F4C6759B2DC04E53005B00F3 /* ReadyView.swift */,
				F4C6759D2DC04E77005B00F3 /* TestView.swift */,
				F4C6759F2DC04E82005B00F3 /* CellView */,
			);
			path = Controller;
			sourceTree = "<group>";
		};
		F4C675992DC04E33005B00F3 /* View */ = {
			isa = PBXGroup;
			children = (
				F4C6758A2DC04DAA005B00F3 /* Main.storyboard */,
			);
			path = View;
			sourceTree = "<group>";
		};
		F4C6759A2DC04E3C005B00F3 /* Model */ = {
			isa = PBXGroup;
			children = (
				F4C675A22DC04EC2005B00F3 /* BrainManager.swift */,
				F4C675A42DC04ED2005B00F3 /* DetailsManager.swift */,
			);
			path = Model;
			sourceTree = "<group>";
		};
		F4C6759F2DC04E82005B00F3 /* CellView */ = {
			isa = PBXGroup;
			children = (
				F4C675A02DC04EA6005B00F3 /* MarwanCell.swift */,
			);
			path = CellView;
			sourceTree = "<group>";
		};
/* End PBXGroup section */

/* Begin PBXNativeTarget section */
		F4C675802DC04DAA005B00F3 /* Code_Alpha_FlashCardQuiz */ = {
			isa = PBXNativeTarget;
			buildConfigurationList = F4C675952DC04DAE005B00F3 /* Build configuration list for PBXNativeTarget "Code_Alpha_FlashCardQuiz" */;
			buildPhases = (
				F4C6757D2DC04DAA005B00F3 /* Sources */,
				F4C6757E2DC04DAA005B00F3 /* Frameworks */,
				F4C6757F2DC04DAA005B00F3 /* Resources */,
			);
			buildRules = (
			);
			dependencies = (
			);
			name = Code_Alpha_FlashCardQuiz;
			productName = Code_Alpha_FlashCardQuiz;
			productReference = F4C675812DC04DAA005B00F3 /* Code_Alpha_FlashCardQuiz.app */;
			productType = "com.apple.product-type.application";
		};
/* End PBXNativeTarget section */

/* Begin PBXProject section */
		F4C675792DC04DAA005B00F3 /* Project object */ = {
			isa = PBXProject;
			attributes = {
				BuildIndependentTargetsInParallel = 1;
				LastSwiftUpdateCheck = 1420;
				LastUpgradeCheck = 1420;
				TargetAttributes = {
					F4C675802DC04DAA005B00F3 = {
						CreatedOnToolsVersion = 14.2;
					};
				};
			};
			buildConfigurationList = F4C6757C2DC04DAA005B00F3 /* Build configuration list for PBXProject "Code_Alpha_FlashCardQuiz" */;
			compatibilityVersion = "Xcode 14.0";
			developmentRegion = en;
			hasScannedForEncodings = 0;
			knownRegions = (
				en,
				Base,
			);
			mainGroup = F4C675782DC04DAA005B00F3;
			productRefGroup = F4C675822DC04DAA005B00F3 /* Products */;
			projectDirPath = "";
			projectRoot = "";
			targets = (
				F4C675802DC04DAA005B00F3 /* Code_Alpha_FlashCardQuiz */,
			);
		};
/* End PBXProject section */

/* Begin PBXResourcesBuildPhase section */
		F4C6757F2DC04DAA005B00F3 /* Resources */ = {
			isa = PBXResourcesBuildPhase;
			buildActionMask = 2147483647;
			files = (
				F4C675912DC04DAE005B00F3 /* LaunchScreen.storyboard in Resources */,
				F4C6758E2DC04DAE005B00F3 /* Assets.xcassets in Resources */,
				F4C6758C2DC04DAA005B00F3 /* Main.storyboard in Resources */,
			);
			runOnlyForDeploymentPostprocessing = 0;
		};
/* End PBXResourcesBuildPhase section */

/* Begin PBXSourcesBuildPhase section */
		F4C6757D2DC04DAA005B00F3 /* Sources */ = {
			isa = PBXSourcesBuildPhase;
			buildActionMask = 2147483647;
			files = (
				F4C675A52DC04ED2005B00F3 /* DetailsManager.swift in Sources */,
				F4C675892DC04DAA005B00F3 /* ViewController.swift in Sources */,
				F4C6759E2DC04E77005B00F3 /* TestView.swift in Sources */,
				F4C675852DC04DAA005B00F3 /* AppDelegate.swift in Sources */,
				F4C6759C2DC04E53005B00F3 /* ReadyView.swift in Sources */,
				F4C675872DC04DAA005B00F3 /* SceneDelegate.swift in Sources */,
				F4C675A32DC04EC2005B00F3 /* BrainManager.swift in Sources */,
				F4C675A12DC04EA6005B00F3 /* MarwanCell.swift in Sources */,
			);
			runOnlyForDeploymentPostprocessing = 0;
		};
/* End PBXSourcesBuildPhase section */

/* Begin PBXVariantGroup section */
		F4C6758A2DC04DAA005B00F3 /* Main.storyboard */ = {
			isa = PBXVariantGroup;
			children = (
				F4C6758B2DC04DAA005B00F3 /* Base */,
			);
			name = Main.storyboard;
			sourceTree = "<group>";
		};
		F4C6758F2DC04DAE005B00F3 /* LaunchScreen.storyboard */ = {
			isa = PBXVariantGroup;
			children = (
				F4C675902DC04DAE005B00F3 /* Base */,
			);
			name = LaunchScreen.storyboard;
			sourceTree = "<group>";
		};
/* End PBXVariantGroup section */

/* Begin XCBuildConfiguration section */
		F4C675932DC04DAE005B00F3 /* Debug */ = {
			isa = XCBuildConfiguration;
			buildSettings = {
				ALWAYS_SEARCH_USER_PATHS = NO;
				CLANG_ANALYZER_NONNULL = YES;
				CLANG_ANALYZER_NUMBER_OBJECT_CONVERSION = YES_AGGRESSIVE;
				CLANG_CXX_LANGUAGE_STANDARD = "gnu++20";
				CLANG_ENABLE_MODULES = YES;
				CLANG_ENABLE_OBJC_ARC = YES;
				CLANG_ENABLE_OBJC_WEAK = YES;
				CLANG_WARN_BLOCK_CAPTURE_AUTORELEASING = YES;
				CLANG_WARN_BOOL_CONVERSION = YES;
				CLANG_WARN_COMMA = YES;
				CLANG_WARN_CONSTANT_CONVERSION = YES;
				CLANG_WARN_DEPRECATED_OBJC_IMPLEMENTATIONS = YES;
				CLANG_WARN_DIRECT_OBJC_ISA_USAGE = YES_ERROR;
				CLANG_WARN_DOCUMENTATION_COMMENTS = YES;
				CLANG_WARN_EMPTY_BODY = YES;
				CLANG_WARN_ENUM_CONVERSION = YES;
				CLANG_WARN_INFINITE_RECURSION = YES;
				CLANG_WARN_INT_CONVERSION = YES;
				CLANG_WARN_NON_LITERAL_NULL_CONVERSION = YES;
				CLANG_WARN_OBJC_IMPLICIT_RETAIN_SELF = YES;
				CLANG_WARN_OBJC_LITERAL_CONVERSION = YES;
				CLANG_WARN_OBJC_ROOT_CLASS = YES_ERROR;
				CLANG_WARN_QUOTED_INCLUDE_IN_FRAMEWORK_HEADER = YES;
				CLANG_WARN_RANGE_LOOP_ANALYSIS = YES;
				CLANG_WARN_STRICT_PROTOTYPES = YES;
				CLANG_WARN_SUSPICIOUS_MOVE = YES;
				CLANG_WARN_UNGUARDED_AVAILABILITY = YES_AGGRESSIVE;
				CLANG_WARN_UNREACHABLE_CODE = YES;
				CLANG_WARN__DUPLICATE_METHOD_MATCH = YES;
				COPY_PHASE_STRIP = NO;
				DEBUG_INFORMATION_FORMAT = dwarf;
				ENABLE_STRICT_OBJC_MSGSEND = YES;
				ENABLE_TESTABILITY = YES;
				GCC_C_LANGUAGE_STANDARD = gnu11;
				GCC_DYNAMIC_NO_PIC = NO;
				GCC_NO_COMMON_BLOCKS = YES;
				GCC_OPTIMIZATION_LEVEL = 0;
				GCC_PREPROCESSOR_DEFINITIONS = (
					"DEBUG=1",
					"$(inherited)",
				);
				GCC_WARN_64_TO_32_BIT_CONVERSION = YES;
				GCC_WARN_ABOUT_RETURN_TYPE = YES_ERROR;
				GCC_WARN_UNDECLARED_SELECTOR = YES;
				GCC_WARN_UNINITIALIZED_AUTOS = YES_AGGRESSIVE;
				GCC_WARN_UNUSED_FUNCTION = YES;
				GCC_WARN_UNUSED_VARIABLE = YES;
				IPHONEOS_DEPLOYMENT_TARGET = 16.2;
				MTL_ENABLE_DEBUG_INFO = INCLUDE_SOURCE;
				MTL_FAST_MATH = YES;
				ONLY_ACTIVE_ARCH = YES;
				SDKROOT = iphoneos;
				SWIFT_ACTIVE_COMPILATION_CONDITIONS = DEBUG;
				SWIFT_OPTIMIZATION_LEVEL = "-Onone";
			};
			name = Debug;
		};
		F4C675942DC04DAE005B00F3 /* Release */ = {
			isa = XCBuildConfiguration;
			buildSettings = {
				ALWAYS_SEARCH_USER_PATHS = NO;
				CLANG_ANALYZER_NONNULL = YES;
				CLANG_ANALYZER_NUMBER_OBJECT_CONVERSION = YES_AGGRESSIVE;
				CLANG_CXX_LANGUAGE_STANDARD = "gnu++20";
				CLANG_ENABLE_MODULES = YES;
				CLANG_ENABLE_OBJC_ARC = YES;
				CLANG_ENABLE_OBJC_WEAK = YES;
				CLANG_WARN_BLOCK_CAPTURE_AUTORELEASING = YES;
				CLANG_WARN_BOOL_CONVERSION = YES;
				CLANG_WARN_COMMA = YES;
				CLANG_WARN_CONSTANT_CONVERSION = YES;
				CLANG_WARN_DEPRECATED_OBJC_IMPLEMENTATIONS = YES;
				CLANG_WARN_DIRECT_OBJC_ISA_USAGE = YES_ERROR;
				CLANG_WARN_DOCUMENTATION_COMMENTS = YES;
				CLANG_WARN_EMPTY_BODY = YES;
				CLANG_WARN_ENUM_CONVERSION = YES;
				CLANG_WARN_INFINITE_RECURSION = YES;
				CLANG_WARN_INT_CONVERSION = YES;
				CLANG_WARN_NON_LITERAL_NULL_CONVERSION = YES;
				CLANG_WARN_OBJC_IMPLICIT_RETAIN_SELF = YES;
				CLANG_WARN_OBJC_LITERAL_CONVERSION = YES;
				CLANG_WARN_OBJC_ROOT_CLASS = YES_ERROR;
				CLANG_WARN_QUOTED_INCLUDE_IN_FRAMEWORK_HEADER = YES;
				CLANG_WARN_RANGE_LOOP_ANALYSIS = YES;
				CLANG_WARN_STRICT_PROTOTYPES = YES;
				CLANG_WARN_SUSPICIOUS_MOVE = YES;
				CLANG_WARN_UNGUARDED_AVAILABILITY = YES_AGGRESSIVE;
				CLANG_WARN_UNREACHABLE_CODE = YES;
				CLANG_WARN__DUPLICATE_METHOD_MATCH = YES;
				COPY_PHASE_STRIP = NO;
				DEBUG_INFORMATION_FORMAT = "dwarf-with-dsym";
				ENABLE_NS_ASSERTIONS = NO;
				ENABLE_STRICT_OBJC_MSGSEND = YES;
				GCC_C_LANGUAGE_STANDARD = gnu11;
				GCC_NO_COMMON_BLOCKS = YES;
				GCC_WARN_64_TO_32_BIT_CONVERSION = YES;
				GCC_WARN_ABOUT_RETURN_TYPE = YES_ERROR;
				GCC_WARN_UNDECLARED_SELECTOR = YES;
				GCC_WARN_UNINITIALIZED_AUTOS = YES_AGGRESSIVE;
				GCC_WARN_UNUSED_FUNCTION = YES;
				GCC_WARN_UNUSED_VARIABLE = YES;
				IPHONEOS_DEPLOYMENT_TARGET = 16.2;
				MTL_ENABLE_DEBUG_INFO = NO;
				MTL_FAST_MATH = YES;
				SDKROOT = iphoneos;
				SWIFT_COMPILATION_MODE = wholemodule;
				SWIFT_OPTIMIZATION_LEVEL = "-O";
				VALIDATE_PRODUCT = YES;
			};
			name = Release;
		};
		F4C675962DC04DAE005B00F3 /* Debug */ = {
			isa = XCBuildConfiguration;
			buildSettings = {
				ASSETCATALOG_COMPILER_APPICON_NAME = AppIcon;
				ASSETCATALOG_COMPILER_GLOBAL_ACCENT_COLOR_NAME = AccentColor;
				CODE_SIGN_STYLE = Automatic;
				CURRENT_PROJECT_VERSION = 1;
				DEVELOPMENT_TEAM = 3K677TQ5Z9;
				GENERATE_INFOPLIST_FILE = YES;
				INFOPLIST_FILE = Code_Alpha_FlashCardQuiz/Info.plist;
				INFOPLIST_KEY_UIApplicationSupportsIndirectInputEvents = YES;
				INFOPLIST_KEY_UILaunchStoryboardName = LaunchScreen;
				INFOPLIST_KEY_UIMainStoryboardFile = Main;
				INFOPLIST_KEY_UISupportedInterfaceOrientations_iPad = "UIInterfaceOrientationPortrait UIInterfaceOrientationPortraitUpsideDown UIInterfaceOrientationLandscapeLeft UIInterfaceOrientationLandscapeRight";
				INFOPLIST_KEY_UISupportedInterfaceOrientations_iPhone = "UIInterfaceOrientationPortrait UIInterfaceOrientationLandscapeLeft UIInterfaceOrientationLandscapeRight";
				LD_RUNPATH_SEARCH_PATHS = (
					"$(inherited)",
					"@executable_path/Frameworks",
				);
				MARKETING_VERSION = 1.0;
				PRODUCT_BUNDLE_IDENTIFIER = "Marwan.cam.Code-Alpha-FlashCardQuiz";
				PRODUCT_NAME = "$(TARGET_NAME)";
				SWIFT_EMIT_LOC_STRINGS = YES;
				SWIFT_VERSION = 5.0;
				TARGETED_DEVICE_FAMILY = "1,2";
			};
			name = Debug;
		};
		F4C675972DC04DAE005B00F3 /* Release */ = {
			isa = XCBuildConfiguration;
			buildSettings = {
				ASSETCATALOG_COMPILER_APPICON_NAME = AppIcon;
				ASSETCATALOG_COMPILER_GLOBAL_ACCENT_COLOR_NAME = AccentColor;
				CODE_SIGN_STYLE = Automatic;
				CURRENT_PROJECT_VERSION = 1;
				DEVELOPMENT_TEAM = 3K677TQ5Z9;
				GENERATE_INFOPLIST_FILE = YES;
				INFOPLIST_FILE = Code_Alpha_FlashCardQuiz/Info.plist;
				INFOPLIST_KEY_UIApplicationSupportsIndirectInputEvents = YES;
				INFOPLIST_KEY_UILaunchStoryboardName = LaunchScreen;
				INFOPLIST_KEY_UIMainStoryboardFile = Main;
				INFOPLIST_KEY_UISupportedInterfaceOrientations_iPad = "UIInterfaceOrientationPortrait UIInterfaceOrientationPortraitUpsideDown UIInterfaceOrientationLandscapeLeft UIInterfaceOrientationLandscapeRight";
				INFOPLIST_KEY_UISupportedInterfaceOrientations_iPhone = "UIInterfaceOrientationPortrait UIInterfaceOrientationLandscapeLeft UIInterfaceOrientationLandscapeRight";
				LD_RUNPATH_SEARCH_PATHS = (
					"$(inherited)",
					"@executable_path/Frameworks",
				);
				MARKETING_VERSION = 1.0;
				PRODUCT_BUNDLE_IDENTIFIER = "Marwan.cam.Code-Alpha-FlashCardQuiz";
				PRODUCT_NAME = "$(TARGET_NAME)";
				SWIFT_EMIT_LOC_STRINGS = YES;
				SWIFT_VERSION = 5.0;
				TARGETED_DEVICE_FAMILY = "1,2";
			};
			name = Release;
		};
/* End XCBuildConfiguration section */

/* Begin XCConfigurationList section */
		F4C6757C2DC04DAA005B00F3 /* Build configuration list for PBXProject "Code_Alpha_FlashCardQuiz" */ = {
			isa = XCConfigurationList;
			buildConfigurations = (
				F4C675932DC04DAE005B00F3 /* Debug */,
				F4C675942DC04DAE005B00F3 /* Release */,
			);
			defaultConfigurationIsVisible = 0;
			defaultConfigurationName = Release;
		};
		F4C675952DC04DAE005B00F3 /* Build configuration list for PBXNativeTarget "Code_Alpha_FlashCardQuiz" */ = {
			isa = XCConfigurationList;
			buildConfigurations = (
				F4C675962DC04DAE005B00F3 /* Debug */,
				F4C675972DC04DAE005B00F3 /* Release */,
			);
			defaultConfigurationIsVisible = 0;
			defaultConfigurationName = Release;
		};
/* End XCConfigurationList section */
	};
	rootObject = F4C675792DC04DAA005B00F3 /* Project object */;
}
